{
  "name": "ng2-fundamentals-demo",
  "version": "1.0.0",
  "lockfileVersion": 1,
  "dependencies": {
    "@angular/common": {
      "version": "4.0.0",
      "resolved": "https://registry.npmjs.org/@angular/common/-/common-4.0.0.tgz",
      "integrity": "sha1-yhiYMiL9q07Kp6i5ntpv9mHm3JI="
    },
    "@angular/compiler": {
      "version": "4.0.0",
      "resolved": "https://registry.npmjs.org/@angular/compiler/-/compiler-4.0.0.tgz",
      "integrity": "sha1-4aoGGm+O8mn5dIrxp7wpD5037Ww="
    },
    "@angular/core": {
      "version": "4.0.0",
      "resolved": "https://registry.npmjs.org/@angular/core/-/core-4.0.0.tgz",
      "integrity": "sha1-/Yd+B0sp36nGO5aiGZX8dVbUI6M="
    },
    "@angular/forms": {
      "version": "4.0.0",
      "resolved": "https://registry.npmjs.org/@angular/forms/-/forms-4.0.0.tgz",
      "integrity": "sha1-AxYwR6LoSvQhBicNouH0erD6/Dc="
    },
    "@angular/http": {
      "version": "4.0.0",
      "resolved": "https://registry.npmjs.org/@angular/http/-/http-4.0.0.tgz",
      "integrity": "sha1-RaU46sQqCxPzdEx+i6/rF9WNoxw="
    },
    "@angular/platform-browser": {
      "version": "4.0.0",
      "resolved": "https://registry.npmjs.org/@angular/platform-browser/-/platform-browser-4.0.0.tgz",
      "integrity": "sha1-USrpqxnMwl+nkCf0TikbzuI2zSs="
    },
    "@angular/platform-browser-dynamic": {
      "version": "4.0.0",
      "resolved": "https://registry.npmjs.org/@angular/platform-browser-dynamic/-/platform-browser-dynamic-4.0.0.tgz",
      "integrity": "sha1-0dnegP4eAnNb6J9RLg+vWoDVf6U="
    },
    "@angular/router": {
      "version": "4.0.0",
      "resolved": "https://registry.npmjs.org/@angular/router/-/router-4.0.0.tgz",
      "integrity": "sha1-9KLcg7ROAj2x1vLBLKWjeiLGavw="
    },
    "@types/core-js": {
      "version": "0.9.34",
      "resolved": "https://registry.npmjs.org/@types/core-js/-/core-js-0.9.34.tgz",
      "integrity": "sha1-csUh2OWf2qi2X3bbcfpTyCx8IcU=",
      "dev": true
    },
    "@types/node": {
      "version": "6.0.46",
      "resolved": "https://registry.npmjs.org/@types/node/-/node-6.0.46.tgz",
      "integrity": "sha1-jZ5IVygx8FsRzEx5N1TUNDchnWI=",
      "dev": true
    },
    "ansi-regex": {
      "version": "0.2.1",
      "resolved": "https://registry.npmjs.org/ansi-regex/-/ansi-regex-0.2.1.tgz",
      "integrity": "sha1-DY6UaWej2BQ/k+JOKYUl/BsiNfk=",
      "dev": true
    },
    "ansi-styles": {
      "version": "1.1.0",
      "resolved": "https://registry.npmjs.org/ansi-styles/-/ansi-styles-1.1.0.tgz",
      "integrity": "sha1-6uy/Zs1waIJ2Cy9GkVgrj1XXp94=",
      "dev": true
    },
    "bootstrap": {
      "version": "3.3.7",
      "resolved": "https://registry.npmjs.org/bootstrap/-/bootstrap-3.3.7.tgz",
      "integrity": "sha1-WjiTlFSfIzMIdaOxUGVldPip63E="
    },
    "chalk": {
      "version": "0.5.1",
      "resolved": "https://registry.npmjs.org/chalk/-/chalk-0.5.1.tgz",
      "integrity": "sha1-Zjs6ZItotV0EaQ1JFnqoN4WPIXQ=",
      "dev": true,
      "dependencies": {
        "supports-color": {
          "version": "0.2.0",
          "resolved": "https://registry.npmjs.org/supports-color/-/supports-color-0.2.0.tgz",
          "integrity": "sha1-2S3iaU6z9nMjlz1649i1W0wiGQo=",
          "dev": true
        }
      }
    },
    "commander": {
      "version": "2.6.0",
      "resolved": "https://registry.npmjs.org/commander/-/commander-2.6.0.tgz",
      "integrity": "sha1-nfflL7Kgyw+4kFjugMMQQiXzfh0=",
      "dev": true
    },
    "concurrently": {
      "version": "3.2.0",
      "resolved": "https://registry.npmjs.org/concurrently/-/concurrently-3.2.0.tgz",
      "integrity": "sha1-UZBXVMmcA6lg+uhFr9heHp0iCvY=",
      "dev": true
    },
    "core-js": {
      "version": "2.4.1",
      "resolved": "https://registry.npmjs.org/core-js/-/core-js-2.4.1.tgz",
      "integrity": "sha1-TekR5mew6ukSTjQlS1OupvxhjT4="
    },
    "date-fns": {
      "version": "1.28.5",
      "resolved": "https://registry.npmjs.org/date-fns/-/date-fns-1.28.5.tgz",
      "integrity": "sha1-JXz8RdMi30XvVlhmWWfuhBzXP68=",
      "dev": true
    },
    "escape-string-regexp": {
      "version": "1.0.5",
      "resolved": "https://registry.npmjs.org/escape-string-regexp/-/escape-string-regexp-1.0.5.tgz",
      "integrity": "sha1-G2HAViGQqN/2rjuyzwIAyhMLhtQ=",
      "dev": true
    },
    "has-ansi": {
      "version": "0.1.0",
      "resolved": "https://registry.npmjs.org/has-ansi/-/has-ansi-0.1.0.tgz",
      "integrity": "sha1-hPJlqujA5qiKEtcCKJS3VoiUxi4=",
      "dev": true
    },
    "has-flag": {
      "version": "1.0.0",
      "resolved": "https://registry.npmjs.org/has-flag/-/has-flag-1.0.0.tgz",
      "integrity": "sha1-nZ55MWXOAXoA8AQYxD+UKnsdEfo=",
      "dev": true
    },
    "jquery": {
      "version": "2.2.4",
      "resolved": "https://registry.npmjs.org/jquery/-/jquery-2.2.4.tgz",
      "integrity": "sha1-LInWiJterFIqfuoywUUhVZxsvwI="
    },
    "lodash": {
      "version": "4.17.4",
      "resolved": "https://registry.npmjs.org/lodash/-/lodash-4.17.4.tgz",
      "integrity": "sha1-eCA6TRwyiuHYbcpkYONptX9AVa4=",
      "dev": true
    },
    "ng2f-bootstrap": {
      "version": "0.0.4",
      "resolved": "https://registry.npmjs.org/ng2f-bootstrap/-/ng2f-bootstrap-0.0.4.tgz",
      "integrity": "sha1-HT+R6Atij85Ih1ueT3O3FHVZgno="
    },
    "rx": {
      "version": "2.3.24",
      "resolved": "https://registry.npmjs.org/rx/-/rx-2.3.24.tgz",
      "integrity": "sha1-FPlQpCF9fjXapxu8vljv9o6ksrc=",
      "dev": true
    },
    "rxjs": {
      "version": "5.0.1",
      "resolved": "https://registry.npmjs.org/rxjs/-/rxjs-5.0.1.tgz",
      "integrity": "sha1-Omm9+fDKCphjAzcNRwj3K9+sg1Y="
    },
    "spawn-default-shell": {
      "version": "2.0.0",
      "resolved": "https://registry.npmjs.org/spawn-default-shell/-/spawn-default-shell-2.0.0.tgz",
      "integrity": "sha1-/gWAafZmN2dSm6ta1fnJS/5PH0c=",
      "dev": true
    },
    "strip-ansi": {
      "version": "0.3.0",
      "resolved": "https://registry.npmjs.org/strip-ansi/-/strip-ansi-0.3.0.tgz",
      "integrity": "sha1-JfSOoiynkYfzF0pNuHWTR7sSYiA=",
      "dev": true
    },
    "supports-color": {
      "version": "3.2.3",
      "resolved": "https://registry.npmjs.org/supports-color/-/supports-color-3.2.3.tgz",
      "integrity": "sha1-ZawFBLOVQXHYpklGsq48u4pfVPY=",
      "dev": true
    },
    "symbol-observable": {
      "version": "1.0.4",
      "resolved": "https://registry.npmjs.org/symbol-observable/-/symbol-observable-1.0.4.tgz",
      "integrity": "sha1-Kb9hXUqnEhvdiYsi1LP5vE4qoD0="
    },
    "systemjs": {
      "version": "0.19.40",
      "resolved": "https://registry.npmjs.org/systemjs/-/systemjs-0.19.40.tgz",
      "integrity": "sha1-FY9kqfTvVBp/2mtA5SfuRrbFTNA="
    },
    "tree-kill": {
      "version": "1.1.0",
      "resolved": "https://registry.npmjs.org/tree-kill/-/tree-kill-1.1.0.tgz",
      "integrity": "sha1-yWPc8DciiS7FnLpWnpQLcZVNFyk=",
      "dev": true
    },
    "typescript": {
      "version": "2.1.1",
      "resolved": "https://registry.npmjs.org/typescript/-/typescript-2.1.1.tgz",
      "integrity": "sha1-QcK2RHL1KTMbIFXAQkhitEzljUI=",
      "dev": true
    },
    "when": {
      "version": "3.7.8",
      "resolved": "https://registry.npmjs.org/when/-/when-3.7.8.tgz",
      "integrity": "sha1-xxMLan6gRpPoQs3J56Hyqjmjn4I="
    },
    "zone.js": {
      "version": "0.8.4",
      "resolved": "https://registry.npmjs.org/zone.js/-/zone.js-0.8.4.tgz",
      "integrity": "sha1-zECuWhyHlgHF67oglrXIDwxMNgI="
    }
  }
}
